
Microsoft Visual Studio Solution File, Format Version 12.00
# Visual Studio Version 17
VisualStudioVersion = 17.5.33414.496
MinimumVisualStudioVersion = 10.0.40219.1
Project("{FAE04EC0-301F-11D3-BF4B-00C04F79EFBC}") = "Backend", "Backend.csproj", "{492E9DC3-31E0-4603-831F-8B90282AE030}"
EndProject
Project("{54A90642-561A-4BB1-A94E-469ADEE60C69}") = "FrontEnd", "..\FrontEnd\FrontEnd.esproj", "{4AA60877-D02D-4FE9-9547-92AB5AFC1659}"
EndProject
Global
	GlobalSection(SolutionConfigurationPlatforms) = preSolution
		Debug|Any CPU = Debug|Any CPU
		Release|Any CPU = Release|Any CPU
	EndGlobalSection
	GlobalSection(ProjectConfigurationPlatforms) = postSolution
		{492E9DC3-31E0-4603-831F-8B90282AE030}.Debug|Any CPU.ActiveCfg = Debug|Any CPU
		{492E9DC3-31E0-4603-831F-8B90282AE030}.Debug|Any CPU.Build.0 = Debug|Any CPU
		{492E9DC3-31E0-4603-831F-8B90282AE030}.Release|Any CPU.ActiveCfg = Release|Any CPU
		{492E9DC3-31E0-4603-831F-8B90282AE030}.Release|Any CPU.Build.0 = Release|Any CPU
		{4AA60877-D02D-4FE9-9547-92AB5AFC1659}.Debug|Any CPU.ActiveCfg = Debug|Any CPU
		{4AA60877-D02D-4FE9-9547-92AB5AFC1659}.Debug|Any CPU.Build.0 = Debug|Any CPU
		{4AA60877-D02D-4FE9-9547-92AB5AFC1659}.Debug|Any CPU.Deploy.0 = Debug|Any CPU
		{4AA60877-D02D-4FE9-9547-92AB5AFC1659}.Release|Any CPU.ActiveCfg = Release|Any CPU
		{4AA60877-D02D-4FE9-9547-92AB5AFC1659}.Release|Any CPU.Build.0 = Release|Any CPU
		{4AA60877-D02D-4FE9-9547-92AB5AFC1659}.Release|Any CPU.Deploy.0 = Release|Any CPU
	EndGlobalSection
	GlobalSection(SolutionProperties) = preSolution
		HideSolutionNode = FALSE
	EndGlobalSection
	GlobalSection(ExtensibilityGlobals) = postSolution
		SolutionGuid = {5EFBE7F1-721F-487C-944B-5D0BEA98C680}
	EndGlobalSection
EndGlobal
